{
  "name": "react-jet",
  "version": "1.0.1",
  "lockfileVersion": 1,
  "requires": true,
  "dependencies": {
    "jetemit": {
      "version": "3.1.0",
      "resolved": "https://registry.npmjs.org/jetemit/-/jetemit-3.1.0.tgz",
      "integrity": "sha512-YGIoV+7UQn1vM1JMRMSeeYOM0e7mjnsIXAPKtKswkcPHUo/UfbBXlL7K6OBX+EFOVsieGd18FDIjho87Jk3yxQ=="
    },
    "jetstate": {
      "version": "1.2.1",
      "resolved": "https://registry.npmjs.org/jetstate/-/jetstate-1.2.1.tgz",
      "integrity": "sha512-71lYfh2lbo6E1iOTmrslQUOWSpvgoF23sheeqOzZ4YcUx1FCYm2921jbkFfloRt7LxKMaqt+jjq0RlRBCOyqDw=="
    }
  }
}
