{
  "name": "react-jet",
  "version": "1.1.0",
  "lockfileVersion": 1,
  "requires": true,
  "dependencies": {
    "jetemit": {
      "version": "3.1.1",
      "resolved": "https://registry.npmjs.org/jetemit/-/jetemit-3.1.1.tgz",
      "integrity": "sha512-YynlqoBPFZeu1JtraFRUVMaFrBYuRnlNb2sC1s8pvbkfo8jvKIE572KxARnMXmm/GhRv6WKalgHie9gIUkXSrw=="
    },
    "jetstate": {
      "version": "1.2.2",
      "resolved": "https://registry.npmjs.org/jetstate/-/jetstate-1.2.2.tgz",
      "integrity": "sha512-oAVIkyGWMm+VZbejYiTRMb2yoGyoprk3rtbMWuKhJ/ivycvQy5dcQVBGhOUBGcZ7CXIX1GIAg+M228yjCs5tGg=="
    }
  }
}
