{
  "name": "react-jet",
  "version": "1.0.0",
  "lockfileVersion": 1,
  "requires": true,
  "dependencies": {
    "jetemit": {
      "version": "3.0.9",
      "resolved": "https://registry.npmjs.org/jetemit/-/jetemit-3.0.9.tgz",
      "integrity": "sha512-xQB6lz3MMMOX+7CsDHKzeGp3bwskGvEdVzJq7KphZW168dp1KrGEBOT/hpc/DrAEQH8i9cJFecpNaFy3OD6soQ=="
    },
    "jetstate": {
      "version": "1.1.1",
      "resolved": "https://registry.npmjs.org/jetstate/-/jetstate-1.1.1.tgz",
      "integrity": "sha512-JjMVk932uDtynz3Gh8SPx3vKqqCFiEEP6pT9GyDUe+LB8pwBYvxaZe8aS3aFTg3qwVWckT8yjqnUuSjkEt0azA=="
    }
  }
}
